
Microsoft Visual Studio Solution File, Format Version 12.00
# Visual Studio Version 16
VisualStudioVersion = 16.0.30907.101
MinimumVisualStudioVersion = 10.0.40219.1
Project("{FAE04EC0-301F-11D3-BF4B-00C04F79EFBC}") = "PhamDuyQuang1821050785", "PhamDuyQuang1821050785\PhamDuyQuang1821050785.csproj", "{F1DBD651-95C9-4878-B417-333925E005CD}"
EndProject
Global
	GlobalSection(SolutionConfigurationPlatforms) = preSolution
		Debug|Any CPU = Debug|Any CPU
		Release|Any CPU = Release|Any CPU
	EndGlobalSection
	GlobalSection(ProjectConfigurationPlatforms) = postSolution
		{F1DBD651-95C9-4878-B417-333925E005CD}.Debug|Any CPU.ActiveCfg = Debug|Any CPU
		{F1DBD651-95C9-4878-B417-333925E005CD}.Debug|Any CPU.Build.0 = Debug|Any CPU
		{F1DBD651-95C9-4878-B417-333925E005CD}.Release|Any CPU.ActiveCfg = Release|Any CPU
		{F1DBD651-95C9-4878-B417-333925E005CD}.Release|Any CPU.Build.0 = Release|Any CPU
	EndGlobalSection
	GlobalSection(SolutionProperties) = preSolution
		HideSolutionNode = FALSE
	EndGlobalSection
	GlobalSection(ExtensibilityGlobals) = postSolution
		SolutionGuid = {4EDF6B86-F800-476F-8F9A-34A66695A48B}
	EndGlobalSection
EndGlobal
